
Microsoft Visual Studio Solution File, Format Version 12.00
# Visual Studio 15
VisualStudioVersion = 15.0.28307.1705
MinimumVisualStudioVersion = 10.0.40219.1
Project("{8BC9CEB8-8B4A-11D0-8D11-00A0C91BC942}") = "ntut2.27", "ntut2.27\ntut2.27.vcxproj", "{AF4DFEB1-6B1D-412D-86C2-CF2308AA350A}"
EndProject
Global
	GlobalSection(SolutionConfigurationPlatforms) = preSolution
		Debug|x64 = Debug|x64
		Debug|x86 = Debug|x86
		Release|x64 = Release|x64
		Release|x86 = Release|x86
	EndGlobalSection
	GlobalSection(ProjectConfigurationPlatforms) = postSolution
		{AF4DFEB1-6B1D-412D-86C2-CF2308AA350A}.Debug|x64.ActiveCfg = Debug|x64
		{AF4DFEB1-6B1D-412D-86C2-CF2308AA350A}.Debug|x64.Build.0 = Debug|x64
		{AF4DFEB1-6B1D-412D-86C2-CF2308AA350A}.Debug|x86.ActiveCfg = Debug|Win32
		{AF4DFEB1-6B1D-412D-86C2-CF2308AA350A}.Debug|x86.Build.0 = Debug|Win32
		{AF4DFEB1-6B1D-412D-86C2-CF2308AA350A}.Release|x64.ActiveCfg = Release|x64
		{AF4DFEB1-6B1D-412D-86C2-CF2308AA350A}.Release|x64.Build.0 = Release|x64
		{AF4DFEB1-6B1D-412D-86C2-CF2308AA350A}.Release|x86.ActiveCfg = Release|Win32
		{AF4DFEB1-6B1D-412D-86C2-CF2308AA350A}.Release|x86.Build.0 = Release|Win32
	EndGlobalSection
	GlobalSection(SolutionProperties) = preSolution
		HideSolutionNode = FALSE
	EndGlobalSection
	GlobalSection(ExtensibilityGlobals) = postSolution
		SolutionGuid = {9335676F-EC3B-48D3-9BB8-1297C3D9E645}
	EndGlobalSection
EndGlobal
